// !$*UTF8*$!
{
	archiveVersion = 1;
	classes = {
	};
	objectVersion = 46;
	objects = {

/* Begin PBXBuildFile section */
		48087EADB3DDB8251C6BC480 /* libPods.a in Frameworks */ = {isa = PBXBuildFile; fileRef = 4413C07032AD99951BD56FB5 /* libPods.a */; };
		E54A69EA1D84C0A700A66000 /* main.m in Sources */ = {isa = PBXBuildFile; fileRef = E54A69E91D84C0A700A66000 /* main.m */; };
		E54A69ED1D84C0A700A66000 /* AppDelegate.m in Sources */ = {isa = PBXBuildFile; fileRef = E54A69EC1D84C0A700A66000 /* AppDelegate.m */; };
		E54A69F01D84C0A700A66000 /* ViewController.m in Sources */ = {isa = PBXBuildFile; fileRef = E54A69EF1D84C0A700A66000 /* ViewController.m */; };
		E54A69F31D84C0A700A66000 /* Main.storyboard in Resources */ = {isa = PBXBuildFile; fileRef = E54A69F11D84C0A700A66000 /* Main.storyboard */; };
		E54A69F61D84C0A700A66000 /* SecretClient.xcdatamodeld in Sources */ = {isa = PBXBuildFile; fileRef = E54A69F41D84C0A700A66000 /* SecretClient.xcdatamodeld */; };
		E54A69F81D84C0A700A66000 /* Assets.xcassets in Resources */ = {isa = PBXBuildFile; fileRef = E54A69F71D84C0A700A66000 /* Assets.xcassets */; };
		E54A69FB1D84C0A700A66000 /* LaunchScreen.storyboard in Resources */ = {isa = PBXBuildFile; fileRef = E54A69F91D84C0A700A66000 /* LaunchScreen.storyboard */; };
		E54A6A061D84C0A700A66000 /* SecretClientTests.m in Sources */ = {isa = PBXBuildFile; fileRef = E54A6A051D84C0A700A66000 /* SecretClientTests.m */; };
		E54A6A111D84C0A700A66000 /* SecretClientUITests.m in Sources */ = {isa = PBXBuildFile; fileRef = E54A6A101D84C0A700A66000 /* SecretClientUITests.m */; };
/* End PBXBuildFile section */

/* Begin PBXContainerItemProxy section */
		E54A6A021D84C0A700A66000 /* PBXContainerItemProxy */ = {
			isa = PBXContainerItemProxy;
			containerPortal = E54A69DD1D84C0A700A66000 /* Project object */;
			proxyType = 1;
			remoteGlobalIDString = E54A69E41D84C0A700A66000;
			remoteInfo = SecretClient;
		};
		E54A6A0D1D84C0A700A66000 /* PBXContainerItemProxy */ = {
			isa = PBXContainerItemProxy;
			containerPortal = E54A69DD1D84C0A700A66000 /* Project object */;
			proxyType = 1;
			remoteGlobalIDString = E54A69E41D84C0A700A66000;
			remoteInfo = SecretClient;
		};
/* End PBXContainerItemProxy section */

/* Begin PBXFileReference section */
		0E2696DC7EAFCC222B581CBA /* Pods.release.xcconfig */ = {isa = PBXFileReference; includeInIndex = 1; lastKnownFileType = text.xcconfig; name = Pods.release.xcconfig; path = "Pods/Target Support Files/Pods/Pods.release.xcconfig"; sourceTree = "<group>"; };
		4413C07032AD99951BD56FB5 /* libPods.a */ = {isa = PBXFileReference; explicitFileType = archive.ar; includeInIndex = 0; path = libPods.a; sourceTree = BUILT_PRODUCTS_DIR; };
		E54A69E51D84C0A700A66000 /* SecretClient.app */ = {isa = PBXFileReference; explicitFileType = wrapper.application; includeInIndex = 0; path = SecretClient.app; sourceTree = BUILT_PRODUCTS_DIR; };
		E54A69E91D84C0A700A66000 /* main.m */ = {isa = PBXFileReference; lastKnownFileType = sourcecode.c.objc; path = main.m; sourceTree = "<group>"; };
		E54A69EB1D84C0A700A66000 /* AppDelegate.h */ = {isa = PBXFileReference; lastKnownFileType = sourcecode.c.h; path = AppDelegate.h; sourceTree = "<group>"; };
		E54A69EC1D84C0A700A66000 /* AppDelegate.m */ = {isa = PBXFileReference; lastKnownFileType = sourcecode.c.objc; path = AppDelegate.m; sourceTree = "<group>"; };
		E54A69EE1D84C0A700A66000 /* ViewController.h */ = {isa = PBXFileReference; lastKnownFileType = sourcecode.c.h; path = ViewController.h; sourceTree = "<group>"; };
		E54A69EF1D84C0A700A66000 /* ViewController.m */ = {isa = PBXFileReference; lastKnownFileType = sourcecode.c.objc; path = ViewController.m; sourceTree = "<group>"; };
		E54A69F21D84C0A700A66000 /* Base */ = {isa = PBXFileReference; lastKnownFileType = file.storyboard; name = Base; path = Base.lproj/Main.storyboard; sourceTree = "<group>"; };
		E54A69F51D84C0A700A66000 /* SecretClient.xcdatamodel */ = {isa = PBXFileReference; lastKnownFileType = wrapper.xcdatamodel; path = SecretClient.xcdatamodel; sourceTree = "<group>"; };
		E54A69F71D84C0A700A66000 /* Assets.xcassets */ = {isa = PBXFileReference; lastKnownFileType = folder.assetcatalog; path = Assets.xcassets; sourceTree = "<group>"; };
		E54A69FA1D84C0A700A66000 /* Base */ = {isa = PBXFileReference; lastKnownFileType = file.storyboard; name = Base; path = Base.lproj/LaunchScreen.storyboard; sourceTree = "<group>"; };
		E54A69FC1D84C0A700A66000 /* Info.plist */ = {isa = PBXFileReference; lastKnownFileType = text.plist.xml; path = Info.plist; sourceTree = "<group>"; };
		E54A6A011D84C0A700A66000 /* SecretClientTests.xctest */ = {isa = PBXFileReference; explicitFileType = wrapper.cfbundle; includeInIndex = 0; path = SecretClientTests.xctest; sourceTree = BUILT_PRODUCTS_DIR; };
		E54A6A051D84C0A700A66000 /* SecretClientTests.m */ = {isa = PBXFileReference; lastKnownFileType = sourcecode.c.objc; path = SecretClientTests.m; sourceTree = "<group>"; };
		E54A6A071D84C0A700A66000 /* Info.plist */ = {isa = PBXFileReference; lastKnownFileType = text.plist.xml; path = Info.plist; sourceTree = "<group>"; };
		E54A6A0C1D84C0A700A66000 /* SecretClientUITests.xctest */ = {isa = PBXFileReference; explicitFileType = wrapper.cfbundle; includeInIndex = 0; path = SecretClientUITests.xctest; sourceTree = BUILT_PRODUCTS_DIR; };
		E54A6A101D84C0A700A66000 /* SecretClientUITests.m */ = {isa = PBXFileReference; lastKnownFileType = sourcecode.c.objc; path = SecretClientUITests.m; sourceTree = "<group>"; };
		E54A6A121D84C0A700A66000 /* Info.plist */ = {isa = PBXFileReference; lastKnownFileType = text.plist.xml; path = Info.plist; sourceTree = "<group>"; };
		F151C82890EDFD4FFA589DB0 /* Pods.debug.xcconfig */ = {isa = PBXFileReference; includeInIndex = 1; lastKnownFileType = text.xcconfig; name = Pods.debug.xcconfig; path = "Pods/Target Support Files/Pods/Pods.debug.xcconfig"; sourceTree = "<group>"; };
/* End PBXFileReference section */

/* Begin PBXFrameworksBuildPhase section */
		E54A69E21D84C0A700A66000 /* Frameworks */ = {
			isa = PBXFrameworksBuildPhase;
			buildActionMask = 2147483647;
			files = (
				48087EADB3DDB8251C6BC480 /* libPods.a in Frameworks */,
			);
			runOnlyForDeploymentPostprocessing = 0;
		};
		E54A69FE1D84C0A700A66000 /* Frameworks */ = {
			isa = PBXFrameworksBuildPhase;
			buildActionMask = 2147483647;
			files = (
			);
			runOnlyForDeploymentPostprocessing = 0;
		};
		E54A6A091D84C0A700A66000 /* Frameworks */ = {
			isa = PBXFrameworksBuildPhase;
			buildActionMask = 2147483647;
			files = (
			);
			runOnlyForDeploymentPostprocessing = 0;
		};
/* End PBXFrameworksBuildPhase section */

/* Begin PBXGroup section */
		7D54C1D03148273C80595419 /* Pods */ = {
			isa = PBXGroup;
			children = (
				F151C82890EDFD4FFA589DB0 /* Pods.debug.xcconfig */,
				0E2696DC7EAFCC222B581CBA /* Pods.release.xcconfig */,
			);
			name = Pods;
			sourceTree = "<group>";
		};
		AFC42831EC1D0F354C77841B /* Frameworks */ = {
			isa = PBXGroup;
			children = (
				4413C07032AD99951BD56FB5 /* libPods.a */,
			);
			name = Frameworks;
			sourceTree = "<group>";
		};
		E54A69DC1D84C0A700A66000 = {
			isa = PBXGroup;
			children = (
				E54A69E71D84C0A700A66000 /* SecretClient */,
				E54A6A041D84C0A700A66000 /* SecretClientTests */,
				E54A6A0F1D84C0A700A66000 /* SecretClientUITests */,
				E54A69E61D84C0A700A66000 /* Products */,
				7D54C1D03148273C80595419 /* Pods */,
				AFC42831EC1D0F354C77841B /* Frameworks */,
			);
			sourceTree = "<group>";
		};
		E54A69E61D84C0A700A66000 /* Products */ = {
			isa = PBXGroup;
			children = (
				E54A69E51D84C0A700A66000 /* SecretClient.app */,
				E54A6A011D84C0A700A66000 /* SecretClientTests.xctest */,
				E54A6A0C1D84C0A700A66000 /* SecretClientUITests.xctest */,
			);
			name = Products;
			sourceTree = "<group>";
		};
		E54A69E71D84C0A700A66000 /* SecretClient */ = {
			isa = PBXGroup;
			children = (
				E54A69EB1D84C0A700A66000 /* AppDelegate.h */,
				E54A69EC1D84C0A700A66000 /* AppDelegate.m */,
				E54A69EE1D84C0A700A66000 /* ViewController.h */,
				E54A69EF1D84C0A700A66000 /* ViewController.m */,
				E54A69F11D84C0A700A66000 /* Main.storyboard */,
				E54A69F71D84C0A700A66000 /* Assets.xcassets */,
				E54A69F91D84C0A700A66000 /* LaunchScreen.storyboard */,
				E54A69FC1D84C0A700A66000 /* Info.plist */,
				E54A69F41D84C0A700A66000 /* SecretClient.xcdatamodeld */,
				E54A69E81D84C0A700A66000 /* Supporting Files */,
			);
			path = SecretClient;
			sourceTree = "<group>";
		};
		E54A69E81D84C0A700A66000 /* Supporting Files */ = {
			isa = PBXGroup;
			children = (
				E54A69E91D84C0A700A66000 /* main.m */,
			);
			name = "Supporting Files";
			sourceTree = "<group>";
		};
		E54A6A041D84C0A700A66000 /* SecretClientTests */ = {
			isa = PBXGroup;
			children = (
				E54A6A051D84C0A700A66000 /* SecretClientTests.m */,
				E54A6A071D84C0A700A66000 /* Info.plist */,
			);
			path = SecretClientTests;
			sourceTree = "<group>";
		};
		E54A6A0F1D84C0A700A66000 /* SecretClientUITests */ = {
			isa = PBXGroup;
			children = (
				E54A6A101D84C0A700A66000 /* SecretClientUITests.m */,
				E54A6A121D84C0A700A66000 /* Info.plist */,
			);
			path = SecretClientUITests;
			sourceTree = "<group>";
		};
/* End PBXGroup section */

/* Begin PBXNativeTarget section */
		E54A69E41D84C0A700A66000 /* SecretClient */ = {
			isa = PBXNativeTarget;
			buildConfigurationList = E54A6A151D84C0A700A66000 /* Build configuration list for PBXNativeTarget "SecretClient" */;
			buildPhases = (
				2891F0326909C7C59C827D2A /* Check Pods Manifest.lock */,
				E54A69E11D84C0A700A66000 /* Sources */,
				E54A69E21D84C0A700A66000 /* Frameworks */,
				E54A69E31D84C0A700A66000 /* Resources */,
				DB21C78CAB66F872B0E71952 /* Embed Pods Frameworks */,
				E3970732F4C0E9FEA1E35AAD /* Copy Pods Resources */,
			);
			buildRules = (
			);
			dependencies = (
			);
			name = SecretClient;
			productName = SecretClient;
			productReference = E54A69E51D84C0A700A66000 /* SecretClient.app */;
			productType = "com.apple.product-type.application";
		};
		E54A6A001D84C0A700A66000 /* SecretClientTests */ = {
			isa = PBXNativeTarget;
			buildConfigurationList = E54A6A181D84C0A700A66000 /* Build configuration list for PBXNativeTarget "SecretClientTests" */;
			buildPhases = (
				E54A69FD1D84C0A700A66000 /* Sources */,
				E54A69FE1D84C0A700A66000 /* Frameworks */,
				E54A69FF1D84C0A700A66000 /* Resources */,
			);
			buildRules = (
			);
			dependencies = (
				E54A6A031D84C0A700A66000 /* PBXTargetDependency */,
			);
			name = SecretClientTests;
			productName = SecretClientTests;
			productReference = E54A6A011D84C0A700A66000 /* SecretClientTests.xctest */;
			productType = "com.apple.product-type.bundle.unit-test";
		};
		E54A6A0B1D84C0A700A66000 /* SecretClientUITests */ = {
			isa = PBXNativeTarget;
			buildConfigurationList = E54A6A1B1D84C0A700A66000 /* Build configuration list for PBXNativeTarget "SecretClientUITests" */;
			buildPhases = (
				E54A6A081D84C0A700A66000 /* Sources */,
				E54A6A091D84C0A700A66000 /* Frameworks */,
				E54A6A0A1D84C0A700A66000 /* Resources */,
			);
			buildRules = (
			);
			dependencies = (
				E54A6A0E1D84C0A700A66000 /* PBXTargetDependency */,
			);
			name = SecretClientUITests;
			productName = SecretClientUITests;
			productReference = E54A6A0C1D84C0A700A66000 /* SecretClientUITests.xctest */;
			productType = "com.apple.product-type.bundle.ui-testing";
		};
/* End PBXNativeTarget section */

/* Begin PBXProject section */
		E54A69DD1D84C0A700A66000 /* Project object */ = {
			isa = PBXProject;
			attributes = {
				LastUpgradeCheck = 0730;
				ORGANIZATIONNAME = favorie;
				TargetAttributes = {
					E54A69E41D84C0A700A66000 = {
						CreatedOnToolsVersion = 7.3.1;
						DevelopmentTeam = 4H9RQ2CYAT;
					};
					E54A6A001D84C0A700A66000 = {
						CreatedOnToolsVersion = 7.3.1;
						TestTargetID = E54A69E41D84C0A700A66000;
					};
					E54A6A0B1D84C0A700A66000 = {
						CreatedOnToolsVersion = 7.3.1;
						TestTargetID = E54A69E41D84C0A700A66000;
					};
				};
			};
			buildConfigurationList = E54A69E01D84C0A700A66000 /* Build configuration list for PBXProject "SecretClient" */;
			compatibilityVersion = "Xcode 3.2";
			developmentRegion = English;
			hasScannedForEncodings = 0;
			knownRegions = (
				en,
				Base,
			);
			mainGroup = E54A69DC1D84C0A700A66000;
			productRefGroup = E54A69E61D84C0A700A66000 /* Products */;
			projectDirPath = "";
			projectRoot = "";
			targets = (
				E54A69E41D84C0A700A66000 /* SecretClient */,
				E54A6A001D84C0A700A66000 /* SecretClientTests */,
				E54A6A0B1D84C0A700A66000 /* SecretClientUITests */,
			);
		};
/* End PBXProject section */

/* Begin PBXResourcesBuildPhase section */
		E54A69E31D84C0A700A66000 /* Resources */ = {
			isa = PBXResourcesBuildPhase;
			buildActionMask = 2147483647;
			files = (
				E54A69FB1D84C0A700A66000 /* LaunchScreen.storyboard in Resources */,
				E54A69F81D84C0A700A66000 /* Assets.xcassets in Resources */,
				E54A69F31D84C0A700A66000 /* Main.storyboard in Resources */,
			);
			runOnlyForDeploymentPostprocessing = 0;
		};
		E54A69FF1D84C0A700A66000 /* Resources */ = {
			isa = PBXResourcesBuildPhase;
			buildActionMask = 2147483647;
			files = (
			);
			runOnlyForDeploymentPostprocessing = 0;
		};
		E54A6A0A1D84C0A700A66000 /* Resources */ = {
			isa = PBXResourcesBuildPhase;
			buildActionMask = 2147483647;
			files = (
			);
			runOnlyForDeploymentPostprocessing = 0;
		};
/* End PBXResourcesBuildPhase section */

/* Begin PBXShellScriptBuildPhase section */
		2891F0326909C7C59C827D2A /* Check Pods Manifest.lock */ = {
			isa = PBXShellScriptBuildPhase;
			buildActionMask = 2147483647;
			files = (
			);
			inputPaths = (
			);
			name = "Check Pods Manifest.lock";
			outputPaths = (
			);
			runOnlyForDeploymentPostprocessing = 0;
			shellPath = /bin/sh;
			shellScript = "diff \"${PODS_ROOT}/../Podfile.lock\" \"${PODS_ROOT}/Manifest.lock\" > /dev/null\nif [[ $? != 0 ]] ; then\n    cat << EOM\nerror: The sandbox is not in sync with the Podfile.lock. Run 'pod install' or update your CocoaPods installation.\nEOM\n    exit 1\nfi\n";
			showEnvVarsInLog = 0;
		};
		DB21C78CAB66F872B0E71952 /* Embed Pods Frameworks */ = {
			isa = PBXShellScriptBuildPhase;
			buildActionMask = 2147483647;
			files = (
			);
			inputPaths = (
			);
			name = "Embed Pods Frameworks";
			outputPaths = (
			);
			runOnlyForDeploymentPostprocessing = 0;
			shellPath = /bin/sh;
			shellScript = "\"${SRCROOT}/Pods/Target Support Files/Pods/Pods-frameworks.sh\"\n";
			showEnvVarsInLog = 0;
		};
		E3970732F4C0E9FEA1E35AAD /* Copy Pods Resources */ = {
			isa = PBXShellScriptBuildPhase;
			buildActionMask = 2147483647;
			files = (
			);
			inputPaths = (
			);
			name = "Copy Pods Resources";
			outputPaths = (
			);
			runOnlyForDeploymentPostprocessing = 0;
			shellPath = /bin/sh;
			shellScript = "\"${SRCROOT}/Pods/Target Support Files/Pods/Pods-resources.sh\"\n";
			showEnvVarsInLog = 0;
		};
/* End PBXShellScriptBuildPhase section */

/* Begin PBXSourcesBuildPhase section */
		E54A69E11D84C0A700A66000 /* Sources */ = {
			isa = PBXSourcesBuildPhase;
			buildActionMask = 2147483647;
			files = (
				E54A69F01D84C0A700A66000 /* ViewController.m in Sources */,
				E54A69ED1D84C0A700A66000 /* AppDelegate.m in Sources */,
				E54A69F61D84C0A700A66000 /* SecretClient.xcdatamodeld in Sources */,
				E54A69EA1D84C0A700A66000 /* main.m in Sources */,
			);
			runOnlyForDeploymentPostprocessing = 0;
		};
		E54A69FD1D84C0A700A66000 /* Sources */ = {
			isa = PBXSourcesBuildPhase;
			buildActionMask = 2147483647;
			files = (
				E54A6A061D84C0A700A66000 /* SecretClientTests.m in Sources */,
			);
			runOnlyForDeploymentPostprocessing = 0;
		};
		E54A6A081D84C0A700A66000 /* Sources */ = {
			isa = PBXSourcesBuildPhase;
			buildActionMask = 2147483647;
			files = (
				E54A6A111D84C0A700A66000 /* SecretClientUITests.m in Sources */,
			);
			runOnlyForDeploymentPostprocessing = 0;
		};
/* End PBXSourcesBuildPhase section */

/* Begin PBXTargetDependency section */
		E54A6A031D84C0A700A66000 /* PBXTargetDependency */ = {
			isa = PBXTargetDependency;
			target = E54A69E41D84C0A700A66000 /* SecretClient */;
			targetProxy = E54A6A021D84C0A700A66000 /* PBXContainerItemProxy */;
		};
		E54A6A0E1D84C0A700A66000 /* PBXTargetDependency */ = {
			isa = PBXTargetDependency;
			target = E54A69E41D84C0A700A66000 /* SecretClient */;
			targetProxy = E54A6A0D1D84C0A700A66000 /* PBXContainerItemProxy */;
		};
/* End PBXTargetDependency section */

/* Begin PBXVariantGroup section */
		E54A69F11D84C0A700A66000 /* Main.storyboard */ = {
			isa = PBXVariantGroup;
			children = (
				E54A69F21D84C0A700A66000 /* Base */,
			);
			name = Main.storyboard;
			sourceTree = "<group>";
		};
		E54A69F91D84C0A700A66000 /* LaunchScreen.storyboard */ = {
			isa = PBXVariantGroup;
			children = (
				E54A69FA1D84C0A700A66000 /* Base */,
			);
			name = LaunchScreen.storyboard;
			sourceTree = "<group>";
		};
/* End PBXVariantGroup section */

/* Begin XCBuildConfiguration section */
		E54A6A131D84C0A700A66000 /* Debug */ = {
			isa = XCBuildConfiguration;
			buildSettings = {
				ALWAYS_SEARCH_USER_PATHS = NO;
				CLANG_ANALYZER_NONNULL = YES;
				CLANG_CXX_LANGUAGE_STANDARD = "gnu++0x";
				CLANG_CXX_LIBRARY = "libc++";
				CLANG_ENABLE_MODULES = YES;
				CLANG_ENABLE_OBJC_ARC = YES;
				CLANG_WARN_BOOL_CONVERSION = YES;
				CLANG_WARN_CONSTANT_CONVERSION = YES;
				CLANG_WARN_DIRECT_OBJC_ISA_USAGE = YES_ERROR;
				CLANG_WARN_EMPTY_BODY = YES;
				CLANG_WARN_ENUM_CONVERSION = YES;
				CLANG_WARN_INT_CONVERSION = YES;
				CLANG_WARN_OBJC_ROOT_CLASS = YES_ERROR;
				CLANG_WARN_UNREACHABLE_CODE = YES;
				CLANG_WARN__DUPLICATE_METHOD_MATCH = YES;
				"CODE_SIGN_IDENTITY[sdk=iphoneos*]" = "iPhone Developer";
				COPY_PHASE_STRIP = NO;
				DEBUG_INFORMATION_FORMAT = dwarf;
				ENABLE_STRICT_OBJC_MSGSEND = YES;
				ENABLE_TESTABILITY = YES;
				GCC_C_LANGUAGE_STANDARD = gnu99;
				GCC_DYNAMIC_NO_PIC = NO;
				GCC_NO_COMMON_BLOCKS = YES;
				GCC_OPTIMIZATION_LEVEL = 0;
				GCC_PREPROCESSOR_DEFINITIONS = (
					"DEBUG=1",
					"$(inherited)",
				);
				GCC_WARN_64_TO_32_BIT_CONVERSION = YES;
				GCC_WARN_ABOUT_RETURN_TYPE = YES_ERROR;
				GCC_WARN_UNDECLARED_SELECTOR = YES;
				GCC_WARN_UNINITIALIZED_AUTOS = YES_AGGRESSIVE;
				GCC_WARN_UNUSED_FUNCTION = YES;
				GCC_WARN_UNUSED_VARIABLE = YES;
				IPHONEOS_DEPLOYMENT_TARGET = 9.3;
				MTL_ENABLE_DEBUG_INFO = YES;
				ONLY_ACTIVE_ARCH = YES;
				SDKROOT = iphoneos;
			};
			name = Debug;
		};
		E54A6A141D84C0A700A66000 /* Release */ = {
			isa = XCBuildConfiguration;
			buildSettings = {
				ALWAYS_SEARCH_USER_PATHS = NO;
				CLANG_ANALYZER_NONNULL = YES;
				CLANG_CXX_LANGUAGE_STANDARD = "gnu++0x";
				CLANG_CXX_LIBRARY = "libc++";
				CLANG_ENABLE_MODULES = YES;
				CLANG_ENABLE_OBJC_ARC = YES;
				CLANG_WARN_BOOL_CONVERSION = YES;
				CLANG_WARN_CONSTANT_CONVERSION = YES;
				CLANG_WARN_DIRECT_OBJC_ISA_USAGE = YES_ERROR;
				CLANG_WARN_EMPTY_BODY = YES;
				CLANG_WARN_ENUM_CONVERSION = YES;
				CLANG_WARN_INT_CONVERSION = YES;
				CLANG_WARN_OBJC_ROOT_CLASS = YES_ERROR;
				CLANG_WARN_UNREACHABLE_CODE = YES;
				CLANG_WARN__DUPLICATE_METHOD_MATCH = YES;
				"CODE_SIGN_IDENTITY[sdk=iphoneos*]" = "iPhone Developer";
				COPY_PHASE_STRIP = NO;
				DEBUG_INFORMATION_FORMAT = "dwarf-with-dsym";
				ENABLE_NS_ASSERTIONS = NO;
				ENABLE_STRICT_OBJC_MSGSEND = YES;
				GCC_C_LANGUAGE_STANDARD = gnu99;
				GCC_NO_COMMON_BLOCKS = YES;
				GCC_WARN_64_TO_32_BIT_CONVERSION = YES;
				GCC_WARN_ABOUT_RETURN_TYPE = YES_ERROR;
				GCC_WARN_UNDECLARED_SELECTOR = YES;
				GCC_WARN_UNINITIALIZED_AUTOS = YES_AGGRESSIVE;
				GCC_WARN_UNUSED_FUNCTION = YES;
				GCC_WARN_UNUSED_VARIABLE = YES;
				IPHONEOS_DEPLOYMENT_TARGET = 9.3;
				MTL_ENABLE_DEBUG_INFO = NO;
				SDKROOT = iphoneos;
				VALIDATE_PRODUCT = YES;
			};
			name = Release;
		};
		E54A6A161D84C0A700A66000 /* Debug */ = {
			isa = XCBuildConfiguration;
			baseConfigurationReference = F151C82890EDFD4FFA589DB0 /* Pods.debug.xcconfig */;
			buildSettings = {
				ASSETCATALOG_COMPILER_APPICON_NAME = AppIcon;
				CODE_SIGN_IDENTITY = "iPhone Developer";
				"CODE_SIGN_IDENTITY[sdk=iphoneos*]" = "iPhone Developer";
				ENABLE_BITCODE = NO;
				INFOPLIST_FILE = SecretClient/Info.plist;
				LD_RUNPATH_SEARCH_PATHS = "$(inherited) @executable_path/Frameworks";
				PRODUCT_BUNDLE_IDENTIFIER = com.favorie.SecretClient;
				PRODUCT_NAME = "$(TARGET_NAME)";
				PROVISIONING_PROFILE = "";
			};
			name = Debug;
		};
		E54A6A171D84C0A700A66000 /* Release */ = {
			isa = XCBuildConfiguration;
			baseConfigurationReference = 0E2696DC7EAFCC222B581CBA /* Pods.release.xcconfig */;
			buildSettings = {
				ASSETCATALOG_COMPILER_APPICON_NAME = AppIcon;
				CODE_SIGN_IDENTITY = "iPhone Developer";
				"CODE_SIGN_IDENTITY[sdk=iphoneos*]" = "iPhone Developer";
				ENABLE_BITCODE = NO;
				INFOPLIST_FILE = SecretClient/Info.plist;
				LD_RUNPATH_SEARCH_PATHS = "$(inherited) @executable_path/Frameworks";
				PRODUCT_BUNDLE_IDENTIFIER = com.favorie.SecretClient;
				PRODUCT_NAME = "$(TARGET_NAME)";
				PROVISIONING_PROFILE = "";
			};
			name = Release;
		};
		E54A6A191D84C0A700A66000 /* Debug */ = {
			isa = XCBuildConfiguration;
			buildSettings = {
				BUNDLE_LOADER = "$(TEST_HOST)";
				INFOPLIST_FILE = SecretClientTests/Info.plist;
				LD_RUNPATH_SEARCH_PATHS = "$(inherited) @executable_path/Frameworks @loader_path/Frameworks";
				PRODUCT_BUNDLE_IDENTIFIER = com.favorie.SecretClientTests;
				PRODUCT_NAME = "$(TARGET_NAME)";
				TEST_HOST = "$(BUILT_PRODUCTS_DIR)/SecretClient.app/SecretClient";
			};
			name = Debug;
		};
		E54A6A1A1D84C0A700A66000 /* Release */ = {
			isa = XCBuildConfiguration;
			buildSettings = {
				BUNDLE_LOADER = "$(TEST_HOST)";
				INFOPLIST_FILE = SecretClientTests/Info.plist;
				LD_RUNPATH_SEARCH_PATHS = "$(inherited) @executable_path/Frameworks @loader_path/Frameworks";
				PRODUCT_BUNDLE_IDENTIFIER = com.favorie.SecretClientTests;
				PRODUCT_NAME = "$(TARGET_NAME)";
				TEST_HOST = "$(BUILT_PRODUCTS_DIR)/SecretClient.app/SecretClient";
			};
			name = Release;
		};
		E54A6A1C1D84C0A700A66000 /* Debug */ = {
			isa = XCBuildConfiguration;
			buildSettings = {
				INFOPLIST_FILE = SecretClientUITests/Info.plist;
				LD_RUNPATH_SEARCH_PATHS = "$(inherited) @executable_path/Frameworks @loader_path/Frameworks";
				PRODUCT_BUNDLE_IDENTIFIER = com.favorie.SecretClientUITests;
				PRODUCT_NAME = "$(TARGET_NAME)";
				TEST_TARGET_NAME = SecretClient;
			};
			name = Debug;
		};
		E54A6A1D1D84C0A700A66000 /* Release */ = {
			isa = XCBuildConfiguration;
			buildSettings = {
				INFOPLIST_FILE = SecretClientUITests/Info.plist;
				LD_RUNPATH_SEARCH_PATHS = "$(inherited) @executable_path/Frameworks @loader_path/Frameworks";
				PRODUCT_BUNDLE_IDENTIFIER = com.favorie.SecretClientUITests;
				PRODUCT_NAME = "$(TARGET_NAME)";
				TEST_TARGET_NAME = SecretClient;
			};
			name = Release;
		};
/* End XCBuildConfiguration section */

/* Begin XCConfigurationList section */
		E54A69E01D84C0A700A66000 /* Build configuration list for PBXProject "SecretClient" */ = {
			isa = XCConfigurationList;
			buildConfigurations = (
				E54A6A131D84C0A700A66000 /* Debug */,
				E54A6A141D84C0A700A66000 /* Release */,
			);
			defaultConfigurationIsVisible = 0;
			defaultConfigurationName = Release;
		};
		E54A6A151D84C0A700A66000 /* Build configuration list for PBXNativeTarget "SecretClient" */ = {
			isa = XCConfigurationList;
			buildConfigurations = (
				E54A6A161D84C0A700A66000 /* Debug */,
				E54A6A171D84C0A700A66000 /* Release */,
			);
			defaultConfigurationIsVisible = 0;
			defaultConfigurationName = Release;
		};
		E54A6A181D84C0A700A66000 /* Build configuration list for PBXNativeTarget "SecretClientTests" */ = {
			isa = XCConfigurationList;
			buildConfigurations = (
				E54A6A191D84C0A700A66000 /* Debug */,
				E54A6A1A1D84C0A700A66000 /* Release */,
			);
			defaultConfigurationIsVisible = 0;
			defaultConfigurationName = Release;
		};
		E54A6A1B1D84C0A700A66000 /* Build configuration list for PBXNativeTarget "SecretClientUITests" */ = {
			isa = XCConfigurationList;
			buildConfigurations = (
				E54A6A1C1D84C0A700A66000 /* Debug */,
				E54A6A1D1D84C0A700A66000 /* Release */,
			);
			defaultConfigurationIsVisible = 0;
			defaultConfigurationName = Release;
		};
/* End XCConfigurationList section */

/* Begin XCVersionGroup section */
		E54A69F41D84C0A700A66000 /* SecretClient.xcdatamodeld */ = {
			isa = XCVersionGroup;
			children = (
				E54A69F51D84C0A700A66000 /* SecretClient.xcdatamodel */,
			);
			currentVersion = E54A69F51D84C0A700A66000 /* SecretClient.xcdatamodel */;
			path = SecretClient.xcdatamodeld;
			sourceTree = "<group>";
			versionGroupType = wrapper.xcdatamodel;
		};
/* End XCVersionGroup section */
	};
	rootObject = E54A69DD1D84C0A700A66000 /* Project object */;
}
